// !$*UTF8*$!
{
	archiveVersion = 1;
	classes = {
	};
	objectVersion = 50;
	objects = {

/* Begin PBXBuildFile section */
		B894A0E2220815C8007B049D /* AppDelegate.m in Sources */ = {isa = PBXBuildFile; fileRef = B894A0E1220815C8007B049D /* AppDelegate.m */; };
		B894A0E5220815C8007B049D /* ViewController.m in Sources */ = {isa = PBXBuildFile; fileRef = B894A0E4220815C8007B049D /* ViewController.m */; };
		B894A0E8220815C8007B049D /* Main.storyboard in Resources */ = {isa = PBXBuildFile; fileRef = B894A0E6220815C8007B049D /* Main.storyboard */; };
		B894A0EA220815CB007B049D /* Assets.xcassets in Resources */ = {isa = PBXBuildFile; fileRef = B894A0E9220815CB007B049D /* Assets.xcassets */; };
		B894A0ED220815CB007B049D /* LaunchScreen.storyboard in Resources */ = {isa = PBXBuildFile; fileRef = B894A0EB220815CB007B049D /* LaunchScreen.storyboard */; };
		B894A0F0220815CB007B049D /* main.m in Sources */ = {isa = PBXBuildFile; fileRef = B894A0EF220815CB007B049D /* main.m */; };
/* End PBXBuildFile section */

/* Begin PBXFileReference section */
		B894A0DD220815C8007B049D /* CollectionViewWithMultipleSections.app */ = {isa = PBXFileReference; explicitFileType = wrapper.application; includeInIndex = 0; path = CollectionViewWithMultipleSections.app; sourceTree = BUILT_PRODUCTS_DIR; };
		B894A0E0220815C8007B049D /* AppDelegate.h */ = {isa = PBXFileReference; lastKnownFileType = sourcecode.c.h; path = AppDelegate.h; sourceTree = "<group>"; };
		B894A0E1220815C8007B049D /* AppDelegate.m */ = {isa = PBXFileReference; lastKnownFileType = sourcecode.c.objc; path = AppDelegate.m; sourceTree = "<group>"; };
		B894A0E3220815C8007B049D /* ViewController.h */ = {isa = PBXFileReference; lastKnownFileType = sourcecode.c.h; path = ViewController.h; sourceTree = "<group>"; };
		B894A0E4220815C8007B049D /* ViewController.m */ = {isa = PBXFileReference; lastKnownFileType = sourcecode.c.objc; path = ViewController.m; sourceTree = "<group>"; };
		B894A0E7220815C8007B049D /* Base */ = {isa = PBXFileReference; lastKnownFileType = file.storyboard; name = Base; path = Base.lproj/Main.storyboard; sourceTree = "<group>"; };
		B894A0E9220815CB007B049D /* Assets.xcassets */ = {isa = PBXFileReference; lastKnownFileType = folder.assetcatalog; path = Assets.xcassets; sourceTree = "<group>"; };
		B894A0EC220815CB007B049D /* Base */ = {isa = PBXFileReference; lastKnownFileType = file.storyboard; name = Base; path = Base.lproj/LaunchScreen.storyboard; sourceTree = "<group>"; };
		B894A0EE220815CB007B049D /* Info.plist */ = {isa = PBXFileReference; lastKnownFileType = text.plist.xml; path = Info.plist; sourceTree = "<group>"; };
		B894A0EF220815CB007B049D /* main.m */ = {isa = PBXFileReference; lastKnownFileType = sourcecode.c.objc; path = main.m; sourceTree = "<group>"; };
/* End PBXFileReference section */

/* Begin PBXFrameworksBuildPhase section */
		B894A0DA220815C8007B049D /* Frameworks */ = {
			isa = PBXFrameworksBuildPhase;
			buildActionMask = 2147483647;
			files = (
			);
			runOnlyForDeploymentPostprocessing = 0;
		};
/* End PBXFrameworksBuildPhase section */

/* Begin PBXGroup section */
		B894A0D4220815C8007B049D = {
			isa = PBXGroup;
			children = (
				B894A0DF220815C8007B049D /* CollectionViewWithMultipleSections */,
				B894A0DE220815C8007B049D /* Products */,
			);
			sourceTree = "<group>";
		};
		B894A0DE220815C8007B049D /* Products */ = {
			isa = PBXGroup;
			children = (
				B894A0DD220815C8007B049D /* CollectionViewWithMultipleSections.app */,
			);
			name = Products;
			sourceTree = "<group>";
		};
		B894A0DF220815C8007B049D /* CollectionViewWithMultipleSections */ = {
			isa = PBXGroup;
			children = (
				B894A0E0220815C8007B049D /* AppDelegate.h */,
				B894A0E1220815C8007B049D /* AppDelegate.m */,
				B894A0E3220815C8007B049D /* ViewController.h */,
				B894A0E4220815C8007B049D /* ViewController.m */,
				B894A0E6220815C8007B049D /* Main.storyboard */,
				B894A0E9220815CB007B049D /* Assets.xcassets */,
				B894A0EB220815CB007B049D /* LaunchScreen.storyboard */,
				B894A0EE220815CB007B049D /* Info.plist */,
				B894A0EF220815CB007B049D /* main.m */,
			);
			path = CollectionViewWithMultipleSections;
			sourceTree = "<group>";
		};
/* End PBXGroup section */

/* Begin PBXNativeTarget section */
		B894A0DC220815C8007B049D /* CollectionViewWithMultipleSections */ = {
			isa = PBXNativeTarget;
			buildConfigurationList = B894A0F3220815CB007B049D /* Build configuration list for PBXNativeTarget "CollectionViewWithMultipleSections" */;
			buildPhases = (
				B894A0D9220815C8007B049D /* Sources */,
				B894A0DA220815C8007B049D /* Frameworks */,
				B894A0DB220815C8007B049D /* Resources */,
			);
			buildRules = (
			);
			dependencies = (
			);
			name = CollectionViewWithMultipleSections;
			productName = CollectionViewWithMultipleSections;
			productReference = B894A0DD220815C8007B049D /* CollectionViewWithMultipleSections.app */;
			productType = "com.apple.product-type.application";
		};
/* End PBXNativeTarget section */

/* Begin PBXProject section */
		B894A0D5220815C8007B049D /* Project object */ = {
			isa = PBXProject;
			attributes = {
				LastUpgradeCheck = 1010;
				ORGANIZATIONNAME = "Partha Sarathi Reddy Bijjam";
				TargetAttributes = {
					B894A0DC220815C8007B049D = {
						CreatedOnToolsVersion = 10.1;
					};
				};
			};
			buildConfigurationList = B894A0D8220815C8007B049D /* Build configuration list for PBXProject "CollectionViewWithMultipleSections" */;
			compatibilityVersion = "Xcode 9.3";
			developmentRegion = en;
			hasScannedForEncodings = 0;
			knownRegions = (
				en,
				Base,
			);
			mainGroup = B894A0D4220815C8007B049D;
			productRefGroup = B894A0DE220815C8007B049D /* Products */;
			projectDirPath = "";
			projectRoot = "";
			targets = (
				B894A0DC220815C8007B049D /* CollectionViewWithMultipleSections */,
			);
		};
/* End PBXProject section */

/* Begin PBXResourcesBuildPhase section */
		B894A0DB220815C8007B049D /* Resources */ = {
			isa = PBXResourcesBuildPhase;
			buildActionMask = 2147483647;
			files = (
				B894A0ED220815CB007B049D /* LaunchScreen.storyboard in Resources */,
				B894A0EA220815CB007B049D /* Assets.xcassets in Resources */,
				B894A0E8220815C8007B049D /* Main.storyboard in Resources */,
			);
			runOnlyForDeploymentPostprocessing = 0;
		};
/* End PBXResourcesBuildPhase section */

/* Begin PBXSourcesBuildPhase section */
		B894A0D9220815C8007B049D /* Sources */ = {
			isa = PBXSourcesBuildPhase;
			buildActionMask = 2147483647;
			files = (
				B894A0E5220815C8007B049D /* ViewController.m in Sources */,
				B894A0F0220815CB007B049D /* main.m in Sources */,
				B894A0E2220815C8007B049D /* AppDelegate.m in Sources */,
			);
			runOnlyForDeploymentPostprocessing = 0;
		};
/* End PBXSourcesBuildPhase section */

/* Begin PBXVariantGroup section */
		B894A0E6220815C8007B049D /* Main.storyboard */ = {
			isa = PBXVariantGroup;
			children = (
				B894A0E7220815C8007B049D /* Base */,
			);
			name = Main.storyboard;
			sourceTree = "<group>";
		};
		B894A0EB220815CB007B049D /* LaunchScreen.storyboard */ = {
			isa = PBXVariantGroup;
			children = (
				B894A0EC220815CB007B049D /* Base */,
			);
			name = LaunchScreen.storyboard;
			sourceTree = "<group>";
		};
/* End PBXVariantGroup section */

/* Begin XCBuildConfiguration section */
		B894A0F1220815CB007B049D /* Debug */ = {
			isa = XCBuildConfiguration;
			buildSettings = {
				ALWAYS_SEARCH_USER_PATHS = NO;
				CLANG_ANALYZER_NONNULL = YES;
				CLANG_ANALYZER_NUMBER_OBJECT_CONVERSION = YES_AGGRESSIVE;
				CLANG_CXX_LANGUAGE_STANDARD = "gnu++14";
				CLANG_CXX_LIBRARY = "libc++";
				CLANG_ENABLE_MODULES = YES;
				CLANG_ENABLE_OBJC_ARC = YES;
				CLANG_ENABLE_OBJC_WEAK = YES;
				CLANG_WARN_BLOCK_CAPTURE_AUTORELEASING = YES;
				CLANG_WARN_BOOL_CONVERSION = YES;
				CLANG_WARN_COMMA = YES;
				CLANG_WARN_CONSTANT_CONVERSION = YES;
				CLANG_WARN_DEPRECATED_OBJC_IMPLEMENTATIONS = YES;
				CLANG_WARN_DIRECT_OBJC_ISA_USAGE = YES_ERROR;
				CLANG_WARN_DOCUMENTATION_COMMENTS = YES;
				CLANG_WARN_EMPTY_BODY = YES;
				CLANG_WARN_ENUM_CONVERSION = YES;
				CLANG_WARN_INFINITE_RECURSION = YES;
				CLANG_WARN_INT_CONVERSION = YES;
				CLANG_WARN_NON_LITERAL_NULL_CONVERSION = YES;
				CLANG_WARN_OBJC_IMPLICIT_RETAIN_SELF = YES;
				CLANG_WARN_OBJC_LITERAL_CONVERSION = YES;
				CLANG_WARN_OBJC_ROOT_CLASS = YES_ERROR;
				CLANG_WARN_RANGE_LOOP_ANALYSIS = YES;
				CLANG_WARN_STRICT_PROTOTYPES = YES;
				CLANG_WARN_SUSPICIOUS_MOVE = YES;
				CLANG_WARN_UNGUARDED_AVAILABILITY = YES_AGGRESSIVE;
				CLANG_WARN_UNREACHABLE_CODE = YES;
				CLANG_WARN__DUPLICATE_METHOD_MATCH = YES;
				CODE_SIGN_IDENTITY = "iPhone Developer";
				COPY_PHASE_STRIP = NO;
				DEBUG_INFORMATION_FORMAT = dwarf;
				ENABLE_STRICT_OBJC_MSGSEND = YES;
				ENABLE_TESTABILITY = YES;
				GCC_C_LANGUAGE_STANDARD = gnu11;
				GCC_DYNAMIC_NO_PIC = NO;
				GCC_NO_COMMON_BLOCKS = YES;
				GCC_OPTIMIZATION_LEVEL = 0;
				GCC_PREPROCESSOR_DEFINITIONS = (
					"DEBUG=1",
					"$(inherited)",
				);
				GCC_WARN_64_TO_32_BIT_CONVERSION = YES;
				GCC_WARN_ABOUT_RETURN_TYPE = YES_ERROR;
				GCC_WARN_UNDECLARED_SELECTOR = YES;
				GCC_WARN_UNINITIALIZED_AUTOS = YES_AGGRESSIVE;
				GCC_WARN_UNUSED_FUNCTION = YES;
				GCC_WARN_UNUSED_VARIABLE = YES;
				IPHONEOS_DEPLOYMENT_TARGET = 12.1;
				MTL_ENABLE_DEBUG_INFO = INCLUDE_SOURCE;
				MTL_FAST_MATH = YES;
				ONLY_ACTIVE_ARCH = YES;
				SDKROOT = iphoneos;
			};
			name = Debug;
		};
		B894A0F2220815CB007B049D /* Release */ = {
			isa = XCBuildConfiguration;
			buildSettings = {
				ALWAYS_SEARCH_USER_PATHS = NO;
				CLANG_ANALYZER_NONNULL = YES;
				CLANG_ANALYZER_NUMBER_OBJECT_CONVERSION = YES_AGGRESSIVE;
				CLANG_CXX_LANGUAGE_STANDARD = "gnu++14";
				CLANG_CXX_LIBRARY = "libc++";
				CLANG_ENABLE_MODULES = YES;
				CLANG_ENABLE_OBJC_ARC = YES;
				CLANG_ENABLE_OBJC_WEAK = YES;
				CLANG_WARN_BLOCK_CAPTURE_AUTORELEASING = YES;
				CLANG_WARN_BOOL_CONVERSION = YES;
				CLANG_WARN_COMMA = YES;
				CLANG_WARN_CONSTANT_CONVERSION = YES;
				CLANG_WARN_DEPRECATED_OBJC_IMPLEMENTATIONS = YES;
				CLANG_WARN_DIRECT_OBJC_ISA_USAGE = YES_ERROR;
				CLANG_WARN_DOCUMENTATION_COMMENTS = YES;
				CLANG_WARN_EMPTY_BODY = YES;
				CLANG_WARN_ENUM_CONVERSION = YES;
				CLANG_WARN_INFINITE_RECURSION = YES;
				CLANG_WARN_INT_CONVERSION = YES;
				CLANG_WARN_NON_LITERAL_NULL_CONVERSION = YES;
				CLANG_WARN_OBJC_IMPLICIT_RETAIN_SELF = YES;
				CLANG_WARN_OBJC_LITERAL_CONVERSION = YES;
				CLANG_WARN_OBJC_ROOT_CLASS = YES_ERROR;
				CLANG_WARN_RANGE_LOOP_ANALYSIS = YES;
				CLANG_WARN_STRICT_PROTOTYPES = YES;
				CLANG_WARN_SUSPICIOUS_MOVE = YES;
				CLANG_WARN_UNGUARDED_AVAILABILITY = YES_AGGRESSIVE;
				CLANG_WARN_UNREACHABLE_CODE = YES;
				CLANG_WARN__DUPLICATE_METHOD_MATCH = YES;
				CODE_SIGN_IDENTITY = "iPhone Developer";
				COPY_PHASE_STRIP = NO;
				DEBUG_INFORMATION_FORMAT = "dwarf-with-dsym";
				ENABLE_NS_ASSERTIONS = NO;
				ENABLE_STRICT_OBJC_MSGSEND = YES;
				GCC_C_LANGUAGE_STANDARD = gnu11;
				GCC_NO_COMMON_BLOCKS = YES;
				GCC_WARN_64_TO_32_BIT_CONVERSION = YES;
				GCC_WARN_ABOUT_RETURN_TYPE = YES_ERROR;
				GCC_WARN_UNDECLARED_SELECTOR = YES;
				GCC_WARN_UNINITIALIZED_AUTOS = YES_AGGRESSIVE;
				GCC_WARN_UNUSED_FUNCTION = YES;
				GCC_WARN_UNUSED_VARIABLE = YES;
				IPHONEOS_DEPLOYMENT_TARGET = 12.1;
				MTL_ENABLE_DEBUG_INFO = NO;
				MTL_FAST_MATH = YES;
				SDKROOT = iphoneos;
				VALIDATE_PRODUCT = YES;
			};
			name = Release;
		};
		B894A0F4220815CB007B049D /* Debug */ = {
			isa = XCBuildConfiguration;
			buildSettings = {
				ASSETCATALOG_COMPILER_APPICON_NAME = AppIcon;
				CODE_SIGN_STYLE = Automatic;
				DEVELOPMENT_TEAM = 2LUK926E65;
				INFOPLIST_FILE = CollectionViewWithMultipleSections/Info.plist;
				LD_RUNPATH_SEARCH_PATHS = (
					"$(inherited)",
					"@executable_path/Frameworks",
				);
				PRODUCT_BUNDLE_IDENTIFIER = com.ihub.CollectionViewWithMultipleSections;
				PRODUCT_NAME = "$(TARGET_NAME)";
				TARGETED_DEVICE_FAMILY = "1,2";
			};
			name = Debug;
		};
		B894A0F5220815CB007B049D /* Release */ = {
			isa = XCBuildConfiguration;
			buildSettings = {
				ASSETCATALOG_COMPILER_APPICON_NAME = AppIcon;
				CODE_SIGN_STYLE = Automatic;
				DEVELOPMENT_TEAM = 2LUK926E65;
				INFOPLIST_FILE = CollectionViewWithMultipleSections/Info.plist;
				LD_RUNPATH_SEARCH_PATHS = (
					"$(inherited)",
					"@executable_path/Frameworks",
				);
				PRODUCT_BUNDLE_IDENTIFIER = com.ihub.CollectionViewWithMultipleSections;
				PRODUCT_NAME = "$(TARGET_NAME)";
				TARGETED_DEVICE_FAMILY = "1,2";
			};
			name = Release;
		};
/* End XCBuildConfiguration section */

/* Begin XCConfigurationList section */
		B894A0D8220815C8007B049D /* Build configuration list for PBXProject "CollectionViewWithMultipleSections" */ = {
			isa = XCConfigurationList;
			buildConfigurations = (
				B894A0F1220815CB007B049D /* Debug */,
				B894A0F2220815CB007B049D /* Release */,
			);
			defaultConfigurationIsVisible = 0;
			defaultConfigurationName = Release;
		};
		B894A0F3220815CB007B049D /* Build configuration list for PBXNativeTarget "CollectionViewWithMultipleSections" */ = {
			isa = XCConfigurationList;
			buildConfigurations = (
				B894A0F4220815CB007B049D /* Debug */,
				B894A0F5220815CB007B049D /* Release */,
			);
			defaultConfigurationIsVisible = 0;
			defaultConfigurationName = Release;
		};
/* End XCConfigurationList section */
	};
	rootObject = B894A0D5220815C8007B049D /* Project object */;
}
